
Microsoft Visual Studio Solution File, Format Version 12.00
# Visual Studio 2013
VisualStudioVersion = 12.0.30723.0
MinimumVisualStudioVersion = 10.0.40219.1
Project("{FAE04EC0-301F-11D3-BF4B-00C04F79EFBC}") = "iContrAll.TcpServer", "iContrAll.TcpServer\iContrAll.TcpServer.csproj", "{234EA833-26CA-4D11-83B5-B7AF2E584C7B}"
EndProject
Project("{FAE04EC0-301F-11D3-BF4B-00C04F79EFBC}") = "iContrAll.SsdpServerLib", "iContrAll.SsdpServerLib\iContrAll.SsdpServerLib.csproj", "{D3658E6E-99B1-435F-9261-1DF6B496E893}"
EndProject
Project("{FAE04EC0-301F-11D3-BF4B-00C04F79EFBC}") = "iContrAll.SPIRadioWithWiringPi", "iContrAll.SPIRadioWithWiringPi\iContrAll.SPIRadioWithWiringPi.csproj", "{607B15CE-1746-4C52-84AC-F21D1CF832AA}"
EndProject
Project("{FAE04EC0-301F-11D3-BF4B-00C04F79EFBC}") = "iContrAll.RemoteServer", "iContrAll.RemoteServer\iContrAll.RemoteServer.csproj", "{DC6578BB-8A48-4E06-8D17-44E63760715F}"
EndProject
Project("{FAE04EC0-301F-11D3-BF4B-00C04F79EFBC}") = "SslServerTest", "SslServerTest\SslServerTest.csproj", "{997337F7-377E-43A6-9F03-D68C87E2F716}"
EndProject
Project("{FAE04EC0-301F-11D3-BF4B-00C04F79EFBC}") = "SslClientTest", "SslClientTest\SslClientTest.csproj", "{B41B87A2-8E40-4942-9F49-4C048709C5AC}"
EndProject
Project("{FAE04EC0-301F-11D3-BF4B-00C04F79EFBC}") = "iContrAll.RealTimeClock", "iContrAll.RealTimeClock\iContrAll.RealTimeClock.csproj", "{26A823CD-EDAC-43F6-94A9-475EE3321CD5}"
EndProject
Global
	GlobalSection(SolutionConfigurationPlatforms) = preSolution
		Debug|Any CPU = Debug|Any CPU
		Debug|Mixed Platforms = Debug|Mixed Platforms
		Debug|Win32 = Debug|Win32
		Release|Any CPU = Release|Any CPU
		Release|Mixed Platforms = Release|Mixed Platforms
		Release|Win32 = Release|Win32
	EndGlobalSection
	GlobalSection(ProjectConfigurationPlatforms) = postSolution
		{234EA833-26CA-4D11-83B5-B7AF2E584C7B}.Debug|Any CPU.ActiveCfg = Debug|Any CPU
		{234EA833-26CA-4D11-83B5-B7AF2E584C7B}.Debug|Any CPU.Build.0 = Debug|Any CPU
		{234EA833-26CA-4D11-83B5-B7AF2E584C7B}.Debug|Mixed Platforms.ActiveCfg = Debug|Any CPU
		{234EA833-26CA-4D11-83B5-B7AF2E584C7B}.Debug|Mixed Platforms.Build.0 = Debug|Any CPU
		{234EA833-26CA-4D11-83B5-B7AF2E584C7B}.Debug|Win32.ActiveCfg = Debug|Any CPU
		{234EA833-26CA-4D11-83B5-B7AF2E584C7B}.Release|Any CPU.ActiveCfg = Release|Any CPU
		{234EA833-26CA-4D11-83B5-B7AF2E584C7B}.Release|Any CPU.Build.0 = Release|Any CPU
		{234EA833-26CA-4D11-83B5-B7AF2E584C7B}.Release|Mixed Platforms.ActiveCfg = Release|Any CPU
		{234EA833-26CA-4D11-83B5-B7AF2E584C7B}.Release|Mixed Platforms.Build.0 = Release|Any CPU
		{234EA833-26CA-4D11-83B5-B7AF2E584C7B}.Release|Win32.ActiveCfg = Release|Any CPU
		{D3658E6E-99B1-435F-9261-1DF6B496E893}.Debug|Any CPU.ActiveCfg = Debug|Any CPU
		{D3658E6E-99B1-435F-9261-1DF6B496E893}.Debug|Any CPU.Build.0 = Debug|Any CPU
		{D3658E6E-99B1-435F-9261-1DF6B496E893}.Debug|Mixed Platforms.ActiveCfg = Debug|Any CPU
		{D3658E6E-99B1-435F-9261-1DF6B496E893}.Debug|Mixed Platforms.Build.0 = Debug|Any CPU
		{D3658E6E-99B1-435F-9261-1DF6B496E893}.Debug|Win32.ActiveCfg = Debug|Any CPU
		{D3658E6E-99B1-435F-9261-1DF6B496E893}.Release|Any CPU.ActiveCfg = Release|Any CPU
		{D3658E6E-99B1-435F-9261-1DF6B496E893}.Release|Any CPU.Build.0 = Release|Any CPU
		{D3658E6E-99B1-435F-9261-1DF6B496E893}.Release|Mixed Platforms.ActiveCfg = Release|Any CPU
		{D3658E6E-99B1-435F-9261-1DF6B496E893}.Release|Mixed Platforms.Build.0 = Release|Any CPU
		{D3658E6E-99B1-435F-9261-1DF6B496E893}.Release|Win32.ActiveCfg = Release|Any CPU
		{607B15CE-1746-4C52-84AC-F21D1CF832AA}.Debug|Any CPU.ActiveCfg = Debug|Any CPU
		{607B15CE-1746-4C52-84AC-F21D1CF832AA}.Debug|Any CPU.Build.0 = Debug|Any CPU
		{607B15CE-1746-4C52-84AC-F21D1CF832AA}.Debug|Mixed Platforms.ActiveCfg = Debug|Any CPU
		{607B15CE-1746-4C52-84AC-F21D1CF832AA}.Debug|Mixed Platforms.Build.0 = Debug|Any CPU
		{607B15CE-1746-4C52-84AC-F21D1CF832AA}.Debug|Win32.ActiveCfg = Debug|Any CPU
		{607B15CE-1746-4C52-84AC-F21D1CF832AA}.Release|Any CPU.ActiveCfg = Release|Any CPU
		{607B15CE-1746-4C52-84AC-F21D1CF832AA}.Release|Any CPU.Build.0 = Release|Any CPU
		{607B15CE-1746-4C52-84AC-F21D1CF832AA}.Release|Mixed Platforms.ActiveCfg = Release|Any CPU
		{607B15CE-1746-4C52-84AC-F21D1CF832AA}.Release|Mixed Platforms.Build.0 = Release|Any CPU
		{607B15CE-1746-4C52-84AC-F21D1CF832AA}.Release|Win32.ActiveCfg = Release|Any CPU
		{DC6578BB-8A48-4E06-8D17-44E63760715F}.Debug|Any CPU.ActiveCfg = Debug|Any CPU
		{DC6578BB-8A48-4E06-8D17-44E63760715F}.Debug|Any CPU.Build.0 = Debug|Any CPU
		{DC6578BB-8A48-4E06-8D17-44E63760715F}.Debug|Mixed Platforms.ActiveCfg = Debug|Any CPU
		{DC6578BB-8A48-4E06-8D17-44E63760715F}.Debug|Mixed Platforms.Build.0 = Debug|Any CPU
		{DC6578BB-8A48-4E06-8D17-44E63760715F}.Debug|Win32.ActiveCfg = Debug|Any CPU
		{DC6578BB-8A48-4E06-8D17-44E63760715F}.Release|Any CPU.ActiveCfg = Release|Any CPU
		{DC6578BB-8A48-4E06-8D17-44E63760715F}.Release|Any CPU.Build.0 = Release|Any CPU
		{DC6578BB-8A48-4E06-8D17-44E63760715F}.Release|Mixed Platforms.ActiveCfg = Release|Any CPU
		{DC6578BB-8A48-4E06-8D17-44E63760715F}.Release|Mixed Platforms.Build.0 = Release|Any CPU
		{DC6578BB-8A48-4E06-8D17-44E63760715F}.Release|Win32.ActiveCfg = Release|Any CPU
		{997337F7-377E-43A6-9F03-D68C87E2F716}.Debug|Any CPU.ActiveCfg = Debug|Any CPU
		{997337F7-377E-43A6-9F03-D68C87E2F716}.Debug|Any CPU.Build.0 = Debug|Any CPU
		{997337F7-377E-43A6-9F03-D68C87E2F716}.Debug|Mixed Platforms.ActiveCfg = Debug|Any CPU
		{997337F7-377E-43A6-9F03-D68C87E2F716}.Debug|Mixed Platforms.Build.0 = Debug|Any CPU
		{997337F7-377E-43A6-9F03-D68C87E2F716}.Debug|Win32.ActiveCfg = Debug|Any CPU
		{997337F7-377E-43A6-9F03-D68C87E2F716}.Release|Any CPU.ActiveCfg = Release|Any CPU
		{997337F7-377E-43A6-9F03-D68C87E2F716}.Release|Any CPU.Build.0 = Release|Any CPU
		{997337F7-377E-43A6-9F03-D68C87E2F716}.Release|Mixed Platforms.ActiveCfg = Release|Any CPU
		{997337F7-377E-43A6-9F03-D68C87E2F716}.Release|Mixed Platforms.Build.0 = Release|Any CPU
		{997337F7-377E-43A6-9F03-D68C87E2F716}.Release|Win32.ActiveCfg = Release|Any CPU
		{B41B87A2-8E40-4942-9F49-4C048709C5AC}.Debug|Any CPU.ActiveCfg = Debug|Any CPU
		{B41B87A2-8E40-4942-9F49-4C048709C5AC}.Debug|Any CPU.Build.0 = Debug|Any CPU
		{B41B87A2-8E40-4942-9F49-4C048709C5AC}.Debug|Mixed Platforms.ActiveCfg = Debug|Any CPU
		{B41B87A2-8E40-4942-9F49-4C048709C5AC}.Debug|Mixed Platforms.Build.0 = Debug|Any CPU
		{B41B87A2-8E40-4942-9F49-4C048709C5AC}.Debug|Win32.ActiveCfg = Debug|Any CPU
		{B41B87A2-8E40-4942-9F49-4C048709C5AC}.Release|Any CPU.ActiveCfg = Release|Any CPU
		{B41B87A2-8E40-4942-9F49-4C048709C5AC}.Release|Any CPU.Build.0 = Release|Any CPU
		{B41B87A2-8E40-4942-9F49-4C048709C5AC}.Release|Mixed Platforms.ActiveCfg = Release|Any CPU
		{B41B87A2-8E40-4942-9F49-4C048709C5AC}.Release|Mixed Platforms.Build.0 = Release|Any CPU
		{B41B87A2-8E40-4942-9F49-4C048709C5AC}.Release|Win32.ActiveCfg = Release|Any CPU
		{26A823CD-EDAC-43F6-94A9-475EE3321CD5}.Debug|Any CPU.ActiveCfg = Debug|Any CPU
		{26A823CD-EDAC-43F6-94A9-475EE3321CD5}.Debug|Any CPU.Build.0 = Debug|Any CPU
		{26A823CD-EDAC-43F6-94A9-475EE3321CD5}.Debug|Mixed Platforms.ActiveCfg = Debug|Any CPU
		{26A823CD-EDAC-43F6-94A9-475EE3321CD5}.Debug|Mixed Platforms.Build.0 = Debug|Any CPU
		{26A823CD-EDAC-43F6-94A9-475EE3321CD5}.Debug|Win32.ActiveCfg = Debug|Any CPU
		{26A823CD-EDAC-43F6-94A9-475EE3321CD5}.Release|Any CPU.ActiveCfg = Release|Any CPU
		{26A823CD-EDAC-43F6-94A9-475EE3321CD5}.Release|Any CPU.Build.0 = Release|Any CPU
		{26A823CD-EDAC-43F6-94A9-475EE3321CD5}.Release|Mixed Platforms.ActiveCfg = Release|Any CPU
		{26A823CD-EDAC-43F6-94A9-475EE3321CD5}.Release|Mixed Platforms.Build.0 = Release|Any CPU
		{26A823CD-EDAC-43F6-94A9-475EE3321CD5}.Release|Win32.ActiveCfg = Release|Any CPU
	EndGlobalSection
	GlobalSection(SolutionProperties) = preSolution
		HideSolutionNode = FALSE
	EndGlobalSection
EndGlobal
