
Microsoft Visual Studio Solution File, Format Version 12.00
# Visual Studio 2013
VisualStudioVersion = 12.0.30723.0
MinimumVisualStudioVersion = 10.0.40219.1
Project("{FAE04EC0-301F-11D3-BF4B-00C04F79EFBC}") = "iContrAll.TcpServer", "iContrAll.TcpServer\iContrAll.TcpServer.csproj", "{234EA833-26CA-4D11-83B5-B7AF2E584C7B}"
EndProject
Project("{FAE04EC0-301F-11D3-BF4B-00C04F79EFBC}") = "iContrAll.SsdpServerLib", "iContrAll.SsdpServerLib\iContrAll.SsdpServerLib.csproj", "{D3658E6E-99B1-435F-9261-1DF6B496E893}"
EndProject
Project("{FAE04EC0-301F-11D3-BF4B-00C04F79EFBC}") = "iContrAll.SPIRadioWithWiringPi", "iContrAll.SPIRadioWithWiringPi\iContrAll.SPIRadioWithWiringPi.csproj", "{607B15CE-1746-4C52-84AC-F21D1CF832AA}"
EndProject
Project("{FAE04EC0-301F-11D3-BF4B-00C04F79EFBC}") = "iContrAll.RemoteServer", "iContrAll.RemoteServer\iContrAll.RemoteServer.csproj", "{DC6578BB-8A48-4E06-8D17-44E63760715F}"
EndProject
Project("{FAE04EC0-301F-11D3-BF4B-00C04F79EFBC}") = "iContrAll.RealTimeClock", "iContrAll.RealTimeClock\iContrAll.RealTimeClock.csproj", "{26A823CD-EDAC-43F6-94A9-475EE3321CD5}"
EndProject
Project("{FAE04EC0-301F-11D3-BF4B-00C04F79EFBC}") = "RealTimeClockTest", "RealTimeClockTest\RealTimeClockTest.csproj", "{5BBCB258-8746-4E98-B696-A0B4E904C572}"
EndProject
Project("{FAE04EC0-301F-11D3-BF4B-00C04F79EFBC}") = "SslTcpClientTest", "SslTcpClientTest\SslTcpClientTest.csproj", "{76B00C7C-3483-4373-82FE-F3E1D5B22B02}"
EndProject
Project("{8BC9CEB8-8B4A-11D0-8D11-00A0C91BC942}") = "kodolo", "kodolo\kodolo.vcxproj", "{33CF14D8-FB70-4662-957E-C33DF1513E82}"
EndProject
Global
	GlobalSection(SolutionConfigurationPlatforms) = preSolution
		Debug|Any CPU = Debug|Any CPU
		Debug|Mixed Platforms = Debug|Mixed Platforms
		Debug|Win32 = Debug|Win32
		Release|Any CPU = Release|Any CPU
		Release|Mixed Platforms = Release|Mixed Platforms
		Release|Win32 = Release|Win32
	EndGlobalSection
	GlobalSection(ProjectConfigurationPlatforms) = postSolution
		{234EA833-26CA-4D11-83B5-B7AF2E584C7B}.Debug|Any CPU.ActiveCfg = Debug|Any CPU
		{234EA833-26CA-4D11-83B5-B7AF2E584C7B}.Debug|Any CPU.Build.0 = Debug|Any CPU
		{234EA833-26CA-4D11-83B5-B7AF2E584C7B}.Debug|Mixed Platforms.ActiveCfg = Debug|Any CPU
		{234EA833-26CA-4D11-83B5-B7AF2E584C7B}.Debug|Mixed Platforms.Build.0 = Debug|Any CPU
		{234EA833-26CA-4D11-83B5-B7AF2E584C7B}.Debug|Win32.ActiveCfg = Debug|Any CPU
		{234EA833-26CA-4D11-83B5-B7AF2E584C7B}.Release|Any CPU.ActiveCfg = Release|Any CPU
		{234EA833-26CA-4D11-83B5-B7AF2E584C7B}.Release|Any CPU.Build.0 = Release|Any CPU
		{234EA833-26CA-4D11-83B5-B7AF2E584C7B}.Release|Mixed Platforms.ActiveCfg = Release|Any CPU
		{234EA833-26CA-4D11-83B5-B7AF2E584C7B}.Release|Mixed Platforms.Build.0 = Release|Any CPU
		{234EA833-26CA-4D11-83B5-B7AF2E584C7B}.Release|Win32.ActiveCfg = Release|Any CPU
		{D3658E6E-99B1-435F-9261-1DF6B496E893}.Debug|Any CPU.ActiveCfg = Debug|Any CPU
		{D3658E6E-99B1-435F-9261-1DF6B496E893}.Debug|Any CPU.Build.0 = Debug|Any CPU
		{D3658E6E-99B1-435F-9261-1DF6B496E893}.Debug|Mixed Platforms.ActiveCfg = Debug|Any CPU
		{D3658E6E-99B1-435F-9261-1DF6B496E893}.Debug|Mixed Platforms.Build.0 = Debug|Any CPU
		{D3658E6E-99B1-435F-9261-1DF6B496E893}.Debug|Win32.ActiveCfg = Debug|Any CPU
		{D3658E6E-99B1-435F-9261-1DF6B496E893}.Release|Any CPU.ActiveCfg = Release|Any CPU
		{D3658E6E-99B1-435F-9261-1DF6B496E893}.Release|Any CPU.Build.0 = Release|Any CPU
		{D3658E6E-99B1-435F-9261-1DF6B496E893}.Release|Mixed Platforms.ActiveCfg = Release|Any CPU
		{D3658E6E-99B1-435F-9261-1DF6B496E893}.Release|Mixed Platforms.Build.0 = Release|Any CPU
		{D3658E6E-99B1-435F-9261-1DF6B496E893}.Release|Win32.ActiveCfg = Release|Any CPU
		{607B15CE-1746-4C52-84AC-F21D1CF832AA}.Debug|Any CPU.ActiveCfg = Debug|Any CPU
		{607B15CE-1746-4C52-84AC-F21D1CF832AA}.Debug|Any CPU.Build.0 = Debug|Any CPU
		{607B15CE-1746-4C52-84AC-F21D1CF832AA}.Debug|Mixed Platforms.ActiveCfg = Debug|Any CPU
		{607B15CE-1746-4C52-84AC-F21D1CF832AA}.Debug|Mixed Platforms.Build.0 = Debug|Any CPU
		{607B15CE-1746-4C52-84AC-F21D1CF832AA}.Debug|Win32.ActiveCfg = Debug|Any CPU
		{607B15CE-1746-4C52-84AC-F21D1CF832AA}.Release|Any CPU.ActiveCfg = Release|Any CPU
		{607B15CE-1746-4C52-84AC-F21D1CF832AA}.Release|Any CPU.Build.0 = Release|Any CPU
		{607B15CE-1746-4C52-84AC-F21D1CF832AA}.Release|Mixed Platforms.ActiveCfg = Release|Any CPU
		{607B15CE-1746-4C52-84AC-F21D1CF832AA}.Release|Mixed Platforms.Build.0 = Release|Any CPU
		{607B15CE-1746-4C52-84AC-F21D1CF832AA}.Release|Win32.ActiveCfg = Release|Any CPU
		{DC6578BB-8A48-4E06-8D17-44E63760715F}.Debug|Any CPU.ActiveCfg = Debug|Any CPU
		{DC6578BB-8A48-4E06-8D17-44E63760715F}.Debug|Any CPU.Build.0 = Debug|Any CPU
		{DC6578BB-8A48-4E06-8D17-44E63760715F}.Debug|Mixed Platforms.ActiveCfg = Debug|Any CPU
		{DC6578BB-8A48-4E06-8D17-44E63760715F}.Debug|Mixed Platforms.Build.0 = Debug|Any CPU
		{DC6578BB-8A48-4E06-8D17-44E63760715F}.Debug|Win32.ActiveCfg = Debug|Any CPU
		{DC6578BB-8A48-4E06-8D17-44E63760715F}.Release|Any CPU.ActiveCfg = Release|Any CPU
		{DC6578BB-8A48-4E06-8D17-44E63760715F}.Release|Any CPU.Build.0 = Release|Any CPU
		{DC6578BB-8A48-4E06-8D17-44E63760715F}.Release|Mixed Platforms.ActiveCfg = Release|Any CPU
		{DC6578BB-8A48-4E06-8D17-44E63760715F}.Release|Mixed Platforms.Build.0 = Release|Any CPU
		{DC6578BB-8A48-4E06-8D17-44E63760715F}.Release|Win32.ActiveCfg = Release|Any CPU
		{26A823CD-EDAC-43F6-94A9-475EE3321CD5}.Debug|Any CPU.ActiveCfg = Debug|Any CPU
		{26A823CD-EDAC-43F6-94A9-475EE3321CD5}.Debug|Any CPU.Build.0 = Debug|Any CPU
		{26A823CD-EDAC-43F6-94A9-475EE3321CD5}.Debug|Mixed Platforms.ActiveCfg = Debug|Any CPU
		{26A823CD-EDAC-43F6-94A9-475EE3321CD5}.Debug|Mixed Platforms.Build.0 = Debug|Any CPU
		{26A823CD-EDAC-43F6-94A9-475EE3321CD5}.Debug|Win32.ActiveCfg = Debug|Any CPU
		{26A823CD-EDAC-43F6-94A9-475EE3321CD5}.Release|Any CPU.ActiveCfg = Release|Any CPU
		{26A823CD-EDAC-43F6-94A9-475EE3321CD5}.Release|Any CPU.Build.0 = Release|Any CPU
		{26A823CD-EDAC-43F6-94A9-475EE3321CD5}.Release|Mixed Platforms.ActiveCfg = Release|Any CPU
		{26A823CD-EDAC-43F6-94A9-475EE3321CD5}.Release|Mixed Platforms.Build.0 = Release|Any CPU
		{26A823CD-EDAC-43F6-94A9-475EE3321CD5}.Release|Win32.ActiveCfg = Release|Any CPU
		{5BBCB258-8746-4E98-B696-A0B4E904C572}.Debug|Any CPU.ActiveCfg = Debug|Any CPU
		{5BBCB258-8746-4E98-B696-A0B4E904C572}.Debug|Any CPU.Build.0 = Debug|Any CPU
		{5BBCB258-8746-4E98-B696-A0B4E904C572}.Debug|Mixed Platforms.ActiveCfg = Debug|Any CPU
		{5BBCB258-8746-4E98-B696-A0B4E904C572}.Debug|Mixed Platforms.Build.0 = Debug|Any CPU
		{5BBCB258-8746-4E98-B696-A0B4E904C572}.Debug|Win32.ActiveCfg = Debug|Any CPU
		{5BBCB258-8746-4E98-B696-A0B4E904C572}.Release|Any CPU.ActiveCfg = Release|Any CPU
		{5BBCB258-8746-4E98-B696-A0B4E904C572}.Release|Any CPU.Build.0 = Release|Any CPU
		{5BBCB258-8746-4E98-B696-A0B4E904C572}.Release|Mixed Platforms.ActiveCfg = Release|Any CPU
		{5BBCB258-8746-4E98-B696-A0B4E904C572}.Release|Mixed Platforms.Build.0 = Release|Any CPU
		{5BBCB258-8746-4E98-B696-A0B4E904C572}.Release|Win32.ActiveCfg = Release|Any CPU
		{76B00C7C-3483-4373-82FE-F3E1D5B22B02}.Debug|Any CPU.ActiveCfg = Debug|Any CPU
		{76B00C7C-3483-4373-82FE-F3E1D5B22B02}.Debug|Any CPU.Build.0 = Debug|Any CPU
		{76B00C7C-3483-4373-82FE-F3E1D5B22B02}.Debug|Mixed Platforms.ActiveCfg = Debug|Any CPU
		{76B00C7C-3483-4373-82FE-F3E1D5B22B02}.Debug|Mixed Platforms.Build.0 = Debug|Any CPU
		{76B00C7C-3483-4373-82FE-F3E1D5B22B02}.Debug|Win32.ActiveCfg = Debug|Any CPU
		{76B00C7C-3483-4373-82FE-F3E1D5B22B02}.Release|Any CPU.ActiveCfg = Release|Any CPU
		{76B00C7C-3483-4373-82FE-F3E1D5B22B02}.Release|Any CPU.Build.0 = Release|Any CPU
		{76B00C7C-3483-4373-82FE-F3E1D5B22B02}.Release|Mixed Platforms.ActiveCfg = Release|Any CPU
		{76B00C7C-3483-4373-82FE-F3E1D5B22B02}.Release|Mixed Platforms.Build.0 = Release|Any CPU
		{76B00C7C-3483-4373-82FE-F3E1D5B22B02}.Release|Win32.ActiveCfg = Release|Any CPU
		{33CF14D8-FB70-4662-957E-C33DF1513E82}.Debug|Any CPU.ActiveCfg = Debug|Win32
		{33CF14D8-FB70-4662-957E-C33DF1513E82}.Debug|Mixed Platforms.ActiveCfg = Debug|Win32
		{33CF14D8-FB70-4662-957E-C33DF1513E82}.Debug|Mixed Platforms.Build.0 = Debug|Win32
		{33CF14D8-FB70-4662-957E-C33DF1513E82}.Debug|Win32.ActiveCfg = Debug|Win32
		{33CF14D8-FB70-4662-957E-C33DF1513E82}.Debug|Win32.Build.0 = Debug|Win32
		{33CF14D8-FB70-4662-957E-C33DF1513E82}.Release|Any CPU.ActiveCfg = Release|Win32
		{33CF14D8-FB70-4662-957E-C33DF1513E82}.Release|Mixed Platforms.ActiveCfg = Release|Win32
		{33CF14D8-FB70-4662-957E-C33DF1513E82}.Release|Mixed Platforms.Build.0 = Release|Win32
		{33CF14D8-FB70-4662-957E-C33DF1513E82}.Release|Win32.ActiveCfg = Release|Win32
		{33CF14D8-FB70-4662-957E-C33DF1513E82}.Release|Win32.Build.0 = Release|Win32
	EndGlobalSection
	GlobalSection(SolutionProperties) = preSolution
		HideSolutionNode = FALSE
	EndGlobalSection
EndGlobal
