
Microsoft Visual Studio Solution File, Format Version 12.00
# Visual Studio 2013
VisualStudioVersion = 12.0.31101.0
MinimumVisualStudioVersion = 10.0.40219.1
Project("{FAE04EC0-301F-11D3-BF4B-00C04F79EFBC}") = "iContrAll.SPIRadioWithWiringPi", "iContrAll.SPIRadioWithWiringPi\iContrAll.SPIRadioWithWiringPi.csproj", "{607B15CE-1746-4C52-84AC-F21D1CF832AA}"
EndProject
Project("{FAE04EC0-301F-11D3-BF4B-00C04F79EFBC}") = "iContrAll.TcpServer", "iContrAll.TcpServer\iContrAll.TcpServer.csproj", "{234EA833-26CA-4D11-83B5-B7AF2E584C7B}"
EndProject
Project("{FAE04EC0-301F-11D3-BF4B-00C04F79EFBC}") = "iContrAll.SsdpServerLib", "iContrAll.SsdpServerLib\iContrAll.SsdpServerLib.csproj", "{D3658E6E-99B1-435F-9261-1DF6B496E893}"
EndProject
Project("{FAE04EC0-301F-11D3-BF4B-00C04F79EFBC}") = "iContrAll.RemoteServer", "iContrAll.RemoteServer\iContrAll.RemoteServer.csproj", "{DC6578BB-8A48-4E06-8D17-44E63760715F}"
EndProject
Project("{FAE04EC0-301F-11D3-BF4B-00C04F79EFBC}") = "iContrAll.RemoteServer.Launcher", "iContrAll.RemoteServer.Launcher\iContrAll.RemoteServer.Launcher.csproj", "{C82BDCC9-976D-4F54-B39E-DEA8D51B829C}"
EndProject
Project("{FAE04EC0-301F-11D3-BF4B-00C04F79EFBC}") = "LogHelper", "LogHelper\LogHelper.csproj", "{6C5B6EAE-0CF1-4026-AE15-34CBA8753B27}"
EndProject
Global
	GlobalSection(SolutionConfigurationPlatforms) = preSolution
		Debug|Any CPU = Debug|Any CPU
		Debug|Mixed Platforms = Debug|Mixed Platforms
		Debug|Win32 = Debug|Win32
		Release|Any CPU = Release|Any CPU
		Release|Mixed Platforms = Release|Mixed Platforms
		Release|Win32 = Release|Win32
	EndGlobalSection
	GlobalSection(ProjectConfigurationPlatforms) = postSolution
		{607B15CE-1746-4C52-84AC-F21D1CF832AA}.Debug|Any CPU.ActiveCfg = Debug|Any CPU
		{607B15CE-1746-4C52-84AC-F21D1CF832AA}.Debug|Any CPU.Build.0 = Debug|Any CPU
		{607B15CE-1746-4C52-84AC-F21D1CF832AA}.Debug|Mixed Platforms.ActiveCfg = Debug|Any CPU
		{607B15CE-1746-4C52-84AC-F21D1CF832AA}.Debug|Mixed Platforms.Build.0 = Debug|Any CPU
		{607B15CE-1746-4C52-84AC-F21D1CF832AA}.Debug|Win32.ActiveCfg = Debug|Any CPU
		{607B15CE-1746-4C52-84AC-F21D1CF832AA}.Release|Any CPU.ActiveCfg = Release|Any CPU
		{607B15CE-1746-4C52-84AC-F21D1CF832AA}.Release|Any CPU.Build.0 = Release|Any CPU
		{607B15CE-1746-4C52-84AC-F21D1CF832AA}.Release|Mixed Platforms.ActiveCfg = Release|Any CPU
		{607B15CE-1746-4C52-84AC-F21D1CF832AA}.Release|Mixed Platforms.Build.0 = Release|Any CPU
		{607B15CE-1746-4C52-84AC-F21D1CF832AA}.Release|Win32.ActiveCfg = Release|Any CPU
		{234EA833-26CA-4D11-83B5-B7AF2E584C7B}.Debug|Any CPU.ActiveCfg = Debug|Any CPU
		{234EA833-26CA-4D11-83B5-B7AF2E584C7B}.Debug|Any CPU.Build.0 = Debug|Any CPU
		{234EA833-26CA-4D11-83B5-B7AF2E584C7B}.Debug|Mixed Platforms.ActiveCfg = Debug|Any CPU
		{234EA833-26CA-4D11-83B5-B7AF2E584C7B}.Debug|Mixed Platforms.Build.0 = Debug|Any CPU
		{234EA833-26CA-4D11-83B5-B7AF2E584C7B}.Debug|Win32.ActiveCfg = Debug|Any CPU
		{234EA833-26CA-4D11-83B5-B7AF2E584C7B}.Release|Any CPU.ActiveCfg = Release|Any CPU
		{234EA833-26CA-4D11-83B5-B7AF2E584C7B}.Release|Any CPU.Build.0 = Release|Any CPU
		{234EA833-26CA-4D11-83B5-B7AF2E584C7B}.Release|Mixed Platforms.ActiveCfg = Release|Any CPU
		{234EA833-26CA-4D11-83B5-B7AF2E584C7B}.Release|Mixed Platforms.Build.0 = Release|Any CPU
		{234EA833-26CA-4D11-83B5-B7AF2E584C7B}.Release|Win32.ActiveCfg = Release|Any CPU
		{D3658E6E-99B1-435F-9261-1DF6B496E893}.Debug|Any CPU.ActiveCfg = Debug|Any CPU
		{D3658E6E-99B1-435F-9261-1DF6B496E893}.Debug|Any CPU.Build.0 = Debug|Any CPU
		{D3658E6E-99B1-435F-9261-1DF6B496E893}.Debug|Mixed Platforms.ActiveCfg = Debug|Any CPU
		{D3658E6E-99B1-435F-9261-1DF6B496E893}.Debug|Mixed Platforms.Build.0 = Debug|Any CPU
		{D3658E6E-99B1-435F-9261-1DF6B496E893}.Debug|Win32.ActiveCfg = Debug|Any CPU
		{D3658E6E-99B1-435F-9261-1DF6B496E893}.Release|Any CPU.ActiveCfg = Release|Any CPU
		{D3658E6E-99B1-435F-9261-1DF6B496E893}.Release|Any CPU.Build.0 = Release|Any CPU
		{D3658E6E-99B1-435F-9261-1DF6B496E893}.Release|Mixed Platforms.ActiveCfg = Release|Any CPU
		{D3658E6E-99B1-435F-9261-1DF6B496E893}.Release|Mixed Platforms.Build.0 = Release|Any CPU
		{D3658E6E-99B1-435F-9261-1DF6B496E893}.Release|Win32.ActiveCfg = Release|Any CPU
		{DC6578BB-8A48-4E06-8D17-44E63760715F}.Debug|Any CPU.ActiveCfg = Debug|Any CPU
		{DC6578BB-8A48-4E06-8D17-44E63760715F}.Debug|Any CPU.Build.0 = Debug|Any CPU
		{DC6578BB-8A48-4E06-8D17-44E63760715F}.Debug|Mixed Platforms.ActiveCfg = Debug|Any CPU
		{DC6578BB-8A48-4E06-8D17-44E63760715F}.Debug|Mixed Platforms.Build.0 = Debug|Any CPU
		{DC6578BB-8A48-4E06-8D17-44E63760715F}.Debug|Win32.ActiveCfg = Debug|Any CPU
		{DC6578BB-8A48-4E06-8D17-44E63760715F}.Release|Any CPU.ActiveCfg = Release|Any CPU
		{DC6578BB-8A48-4E06-8D17-44E63760715F}.Release|Any CPU.Build.0 = Release|Any CPU
		{DC6578BB-8A48-4E06-8D17-44E63760715F}.Release|Mixed Platforms.ActiveCfg = Release|Any CPU
		{DC6578BB-8A48-4E06-8D17-44E63760715F}.Release|Mixed Platforms.Build.0 = Release|Any CPU
		{DC6578BB-8A48-4E06-8D17-44E63760715F}.Release|Win32.ActiveCfg = Release|Any CPU
		{C82BDCC9-976D-4F54-B39E-DEA8D51B829C}.Debug|Any CPU.ActiveCfg = Debug|Any CPU
		{C82BDCC9-976D-4F54-B39E-DEA8D51B829C}.Debug|Any CPU.Build.0 = Debug|Any CPU
		{C82BDCC9-976D-4F54-B39E-DEA8D51B829C}.Debug|Mixed Platforms.ActiveCfg = Debug|Any CPU
		{C82BDCC9-976D-4F54-B39E-DEA8D51B829C}.Debug|Mixed Platforms.Build.0 = Debug|Any CPU
		{C82BDCC9-976D-4F54-B39E-DEA8D51B829C}.Debug|Win32.ActiveCfg = Debug|Any CPU
		{C82BDCC9-976D-4F54-B39E-DEA8D51B829C}.Release|Any CPU.ActiveCfg = Release|Any CPU
		{C82BDCC9-976D-4F54-B39E-DEA8D51B829C}.Release|Any CPU.Build.0 = Release|Any CPU
		{C82BDCC9-976D-4F54-B39E-DEA8D51B829C}.Release|Mixed Platforms.ActiveCfg = Release|Any CPU
		{C82BDCC9-976D-4F54-B39E-DEA8D51B829C}.Release|Mixed Platforms.Build.0 = Release|Any CPU
		{C82BDCC9-976D-4F54-B39E-DEA8D51B829C}.Release|Win32.ActiveCfg = Release|Any CPU
		{6C5B6EAE-0CF1-4026-AE15-34CBA8753B27}.Debug|Any CPU.ActiveCfg = Debug|Any CPU
		{6C5B6EAE-0CF1-4026-AE15-34CBA8753B27}.Debug|Any CPU.Build.0 = Debug|Any CPU
		{6C5B6EAE-0CF1-4026-AE15-34CBA8753B27}.Debug|Mixed Platforms.ActiveCfg = Debug|Any CPU
		{6C5B6EAE-0CF1-4026-AE15-34CBA8753B27}.Debug|Mixed Platforms.Build.0 = Debug|Any CPU
		{6C5B6EAE-0CF1-4026-AE15-34CBA8753B27}.Debug|Win32.ActiveCfg = Debug|Any CPU
		{6C5B6EAE-0CF1-4026-AE15-34CBA8753B27}.Release|Any CPU.ActiveCfg = Release|Any CPU
		{6C5B6EAE-0CF1-4026-AE15-34CBA8753B27}.Release|Any CPU.Build.0 = Release|Any CPU
		{6C5B6EAE-0CF1-4026-AE15-34CBA8753B27}.Release|Mixed Platforms.ActiveCfg = Release|Any CPU
		{6C5B6EAE-0CF1-4026-AE15-34CBA8753B27}.Release|Mixed Platforms.Build.0 = Release|Any CPU
		{6C5B6EAE-0CF1-4026-AE15-34CBA8753B27}.Release|Win32.ActiveCfg = Release|Any CPU
	EndGlobalSection
	GlobalSection(SolutionProperties) = preSolution
		HideSolutionNode = FALSE
	EndGlobalSection
EndGlobal
